{
    "version": 3,
    "terraform_version": "0.9.10",
    "serial": 0,
    "lineage": "1912e78e-3c7e-4568-959e-a9b34a6472c6",
    "modules": [
        {
            "path": [
                "root"
            ],
            "outputs": {},
            "resources": {
                "aws_instance.ubuntu-test": {
                    "type": "aws_instance",
                    "depends_on": [],
                    "primary": {
                        "id": "i-0fe72e4ab00287b08",
                        "attributes": {
                            "ami": "ami-e4139df2",
                            "ebs_block_device.#": "0",
                            "ephemeral_block_device.#": "0",
                            "id": "i-0fe72e4ab00287b08",
                            "instance_type": "t2.micro",
                            "network_interface.#": "0",
                            "security_groups.#": "0",
                            "source_dest_check": "true",
                            "tags.%": "1",
                            "tags.Name": "ubuntu-temp",
                            "vpc_security_group_ids.#": "0"
                        },
                        "meta": {
                            "e2bfb730-ecaa-11e6-8f88-34363bc7c4c0": {
                                "create": 600000000000,
                                "delete": 600000000000,
                                "update": 600000000000
                            },
                            "schema_version": "1"
                        },
                        "tainted": false
                    },
                    "deposed": [],
                    "provider": ""
                }
            },
            "depends_on": []
        }
    ]
}
